
Microsoft Visual Studio Solution File, Format Version 12.00
# Visual Studio Version 16
VisualStudioVersion = 16.0.30002.166
MinimumVisualStudioVersion = 10.0.40219.1
Project("{FAE04EC0-301F-11D3-BF4B-00C04F79EFBC}") = "ChuckNorrisFacts.UWP", "ChuckNorrisFacts\ChuckNorrisFacts.UWP\ChuckNorrisFacts.UWP.csproj", "{2CD1E53F-D2F7-457E-B672-E23206BA2F51}"
EndProject
Project("{FAE04EC0-301F-11D3-BF4B-00C04F79EFBC}") = "ChuckNorrisFacts.Android", "ChuckNorrisFacts\ChuckNorrisFacts.Android\ChuckNorrisFacts.Android.csproj", "{8EB67ECD-15C6-42E2-BD99-43BC384DAEEB}"
EndProject
Project("{FAE04EC0-301F-11D3-BF4B-00C04F79EFBC}") = "ChuckNorrisFacts.iOS", "ChuckNorrisFacts\ChuckNorrisFacts.iOS\ChuckNorrisFacts.iOS.csproj", "{638A28CD-0A31-40E1-89C3-6F59F6868055}"
EndProject
Project("{FAE04EC0-301F-11D3-BF4B-00C04F79EFBC}") = "ChuckNorrisFacts", "ChuckNorrisFacts\ChuckNorrisFacts\ChuckNorrisFacts.csproj", "{BBA6EF0F-849B-4CE1-99DF-7BA1997EF7C8}"
EndProject
Global
	GlobalSection(SolutionConfigurationPlatforms) = preSolution
		Debug|Any CPU = Debug|Any CPU
		Debug|ARM = Debug|ARM
		Debug|iPhone = Debug|iPhone
		Debug|iPhoneSimulator = Debug|iPhoneSimulator
		Debug|x64 = Debug|x64
		Debug|x86 = Debug|x86
		Release|Any CPU = Release|Any CPU
		Release|ARM = Release|ARM
		Release|iPhone = Release|iPhone
		Release|iPhoneSimulator = Release|iPhoneSimulator
		Release|x64 = Release|x64
		Release|x86 = Release|x86
	EndGlobalSection
	GlobalSection(ProjectConfigurationPlatforms) = postSolution
		{2CD1E53F-D2F7-457E-B672-E23206BA2F51}.Debug|Any CPU.ActiveCfg = Debug|x86
		{2CD1E53F-D2F7-457E-B672-E23206BA2F51}.Debug|Any CPU.Build.0 = Debug|x86
		{2CD1E53F-D2F7-457E-B672-E23206BA2F51}.Debug|Any CPU.Deploy.0 = Debug|x86
		{2CD1E53F-D2F7-457E-B672-E23206BA2F51}.Debug|ARM.ActiveCfg = Debug|ARM
		{2CD1E53F-D2F7-457E-B672-E23206BA2F51}.Debug|ARM.Build.0 = Debug|ARM
		{2CD1E53F-D2F7-457E-B672-E23206BA2F51}.Debug|ARM.Deploy.0 = Debug|ARM
		{2CD1E53F-D2F7-457E-B672-E23206BA2F51}.Debug|iPhone.ActiveCfg = Debug|x86
		{2CD1E53F-D2F7-457E-B672-E23206BA2F51}.Debug|iPhone.Build.0 = Debug|x86
		{2CD1E53F-D2F7-457E-B672-E23206BA2F51}.Debug|iPhone.Deploy.0 = Debug|x86
		{2CD1E53F-D2F7-457E-B672-E23206BA2F51}.Debug|iPhoneSimulator.ActiveCfg = Debug|x86
		{2CD1E53F-D2F7-457E-B672-E23206BA2F51}.Debug|iPhoneSimulator.Build.0 = Debug|x86
		{2CD1E53F-D2F7-457E-B672-E23206BA2F51}.Debug|iPhoneSimulator.Deploy.0 = Debug|x86
		{2CD1E53F-D2F7-457E-B672-E23206BA2F51}.Debug|x64.ActiveCfg = Debug|x64
		{2CD1E53F-D2F7-457E-B672-E23206BA2F51}.Debug|x64.Build.0 = Debug|x64
		{2CD1E53F-D2F7-457E-B672-E23206BA2F51}.Debug|x64.Deploy.0 = Debug|x64
		{2CD1E53F-D2F7-457E-B672-E23206BA2F51}.Debug|x86.ActiveCfg = Debug|x86
		{2CD1E53F-D2F7-457E-B672-E23206BA2F51}.Debug|x86.Build.0 = Debug|x86
		{2CD1E53F-D2F7-457E-B672-E23206BA2F51}.Debug|x86.Deploy.0 = Debug|x86
		{2CD1E53F-D2F7-457E-B672-E23206BA2F51}.Release|Any CPU.ActiveCfg = Release|x86
		{2CD1E53F-D2F7-457E-B672-E23206BA2F51}.Release|Any CPU.Build.0 = Release|x86
		{2CD1E53F-D2F7-457E-B672-E23206BA2F51}.Release|Any CPU.Deploy.0 = Release|x86
		{2CD1E53F-D2F7-457E-B672-E23206BA2F51}.Release|ARM.ActiveCfg = Release|ARM
		{2CD1E53F-D2F7-457E-B672-E23206BA2F51}.Release|ARM.Build.0 = Release|ARM
		{2CD1E53F-D2F7-457E-B672-E23206BA2F51}.Release|ARM.Deploy.0 = Release|ARM
		{2CD1E53F-D2F7-457E-B672-E23206BA2F51}.Release|iPhone.ActiveCfg = Release|x86
		{2CD1E53F-D2F7-457E-B672-E23206BA2F51}.Release|iPhone.Build.0 = Release|x86
		{2CD1E53F-D2F7-457E-B672-E23206BA2F51}.Release|iPhone.Deploy.0 = Release|x86
		{2CD1E53F-D2F7-457E-B672-E23206BA2F51}.Release|iPhoneSimulator.ActiveCfg = Release|x86
		{2CD1E53F-D2F7-457E-B672-E23206BA2F51}.Release|iPhoneSimulator.Build.0 = Release|x86
		{2CD1E53F-D2F7-457E-B672-E23206BA2F51}.Release|iPhoneSimulator.Deploy.0 = Release|x86
		{2CD1E53F-D2F7-457E-B672-E23206BA2F51}.Release|x64.ActiveCfg = Release|x64
		{2CD1E53F-D2F7-457E-B672-E23206BA2F51}.Release|x64.Build.0 = Release|x64
		{2CD1E53F-D2F7-457E-B672-E23206BA2F51}.Release|x64.Deploy.0 = Release|x64
		{2CD1E53F-D2F7-457E-B672-E23206BA2F51}.Release|x86.ActiveCfg = Release|x86
		{2CD1E53F-D2F7-457E-B672-E23206BA2F51}.Release|x86.Build.0 = Release|x86
		{2CD1E53F-D2F7-457E-B672-E23206BA2F51}.Release|x86.Deploy.0 = Release|x86
		{8EB67ECD-15C6-42E2-BD99-43BC384DAEEB}.Debug|Any CPU.ActiveCfg = Debug|Any CPU
		{8EB67ECD-15C6-42E2-BD99-43BC384DAEEB}.Debug|Any CPU.Build.0 = Debug|Any CPU
		{8EB67ECD-15C6-42E2-BD99-43BC384DAEEB}.Debug|Any CPU.Deploy.0 = Debug|Any CPU
		{8EB67ECD-15C6-42E2-BD99-43BC384DAEEB}.Debug|ARM.ActiveCfg = Debug|Any CPU
		{8EB67ECD-15C6-42E2-BD99-43BC384DAEEB}.Debug|ARM.Build.0 = Debug|Any CPU
		{8EB67ECD-15C6-42E2-BD99-43BC384DAEEB}.Debug|ARM.Deploy.0 = Debug|Any CPU
		{8EB67ECD-15C6-42E2-BD99-43BC384DAEEB}.Debug|iPhone.ActiveCfg = Debug|Any CPU
		{8EB67ECD-15C6-42E2-BD99-43BC384DAEEB}.Debug|iPhone.Build.0 = Debug|Any CPU
		{8EB67ECD-15C6-42E2-BD99-43BC384DAEEB}.Debug|iPhone.Deploy.0 = Debug|Any CPU
		{8EB67ECD-15C6-42E2-BD99-43BC384DAEEB}.Debug|iPhoneSimulator.ActiveCfg = Debug|Any CPU
		{8EB67ECD-15C6-42E2-BD99-43BC384DAEEB}.Debug|iPhoneSimulator.Build.0 = Debug|Any CPU
		{8EB67ECD-15C6-42E2-BD99-43BC384DAEEB}.Debug|iPhoneSimulator.Deploy.0 = Debug|Any CPU
		{8EB67ECD-15C6-42E2-BD99-43BC384DAEEB}.Debug|x64.ActiveCfg = Debug|Any CPU
		{8EB67ECD-15C6-42E2-BD99-43BC384DAEEB}.Debug|x64.Build.0 = Debug|Any CPU
		{8EB67ECD-15C6-42E2-BD99-43BC384DAEEB}.Debug|x64.Deploy.0 = Debug|Any CPU
		{8EB67ECD-15C6-42E2-BD99-43BC384DAEEB}.Debug|x86.ActiveCfg = Debug|Any CPU
		{8EB67ECD-15C6-42E2-BD99-43BC384DAEEB}.Debug|x86.Build.0 = Debug|Any CPU
		{8EB67ECD-15C6-42E2-BD99-43BC384DAEEB}.Debug|x86.Deploy.0 = Debug|Any CPU
		{8EB67ECD-15C6-42E2-BD99-43BC384DAEEB}.Release|Any CPU.ActiveCfg = Release|Any CPU
		{8EB67ECD-15C6-42E2-BD99-43BC384DAEEB}.Release|Any CPU.Build.0 = Release|Any CPU
		{8EB67ECD-15C6-42E2-BD99-43BC384DAEEB}.Release|Any CPU.Deploy.0 = Release|Any CPU
		{8EB67ECD-15C6-42E2-BD99-43BC384DAEEB}.Release|ARM.ActiveCfg = Release|Any CPU
		{8EB67ECD-15C6-42E2-BD99-43BC384DAEEB}.Release|ARM.Build.0 = Release|Any CPU
		{8EB67ECD-15C6-42E2-BD99-43BC384DAEEB}.Release|ARM.Deploy.0 = Release|Any CPU
		{8EB67ECD-15C6-42E2-BD99-43BC384DAEEB}.Release|iPhone.ActiveCfg = Release|Any CPU
		{8EB67ECD-15C6-42E2-BD99-43BC384DAEEB}.Release|iPhone.Build.0 = Release|Any CPU
		{8EB67ECD-15C6-42E2-BD99-43BC384DAEEB}.Release|iPhone.Deploy.0 = Release|Any CPU
		{8EB67ECD-15C6-42E2-BD99-43BC384DAEEB}.Release|iPhoneSimulator.ActiveCfg = Release|Any CPU
		{8EB67ECD-15C6-42E2-BD99-43BC384DAEEB}.Release|iPhoneSimulator.Build.0 = Release|Any CPU
		{8EB67ECD-15C6-42E2-BD99-43BC384DAEEB}.Release|iPhoneSimulator.Deploy.0 = Release|Any CPU
		{8EB67ECD-15C6-42E2-BD99-43BC384DAEEB}.Release|x64.ActiveCfg = Release|Any CPU
		{8EB67ECD-15C6-42E2-BD99-43BC384DAEEB}.Release|x64.Build.0 = Release|Any CPU
		{8EB67ECD-15C6-42E2-BD99-43BC384DAEEB}.Release|x64.Deploy.0 = Release|Any CPU
		{8EB67ECD-15C6-42E2-BD99-43BC384DAEEB}.Release|x86.ActiveCfg = Release|Any CPU
		{8EB67ECD-15C6-42E2-BD99-43BC384DAEEB}.Release|x86.Build.0 = Release|Any CPU
		{8EB67ECD-15C6-42E2-BD99-43BC384DAEEB}.Release|x86.Deploy.0 = Release|Any CPU
		{638A28CD-0A31-40E1-89C3-6F59F6868055}.Debug|Any CPU.ActiveCfg = Debug|iPhone
		{638A28CD-0A31-40E1-89C3-6F59F6868055}.Debug|Any CPU.Build.0 = Debug|iPhone
		{638A28CD-0A31-40E1-89C3-6F59F6868055}.Debug|Any CPU.Deploy.0 = Debug|iPhone
		{638A28CD-0A31-40E1-89C3-6F59F6868055}.Debug|ARM.ActiveCfg = Debug|iPhone
		{638A28CD-0A31-40E1-89C3-6F59F6868055}.Debug|ARM.Build.0 = Debug|iPhone
		{638A28CD-0A31-40E1-89C3-6F59F6868055}.Debug|ARM.Deploy.0 = Debug|iPhone
		{638A28CD-0A31-40E1-89C3-6F59F6868055}.Debug|iPhone.ActiveCfg = Debug|iPhone
		{638A28CD-0A31-40E1-89C3-6F59F6868055}.Debug|iPhone.Build.0 = Debug|iPhone
		{638A28CD-0A31-40E1-89C3-6F59F6868055}.Debug|iPhone.Deploy.0 = Debug|iPhone
		{638A28CD-0A31-40E1-89C3-6F59F6868055}.Debug|iPhoneSimulator.ActiveCfg = Debug|iPhoneSimulator
		{638A28CD-0A31-40E1-89C3-6F59F6868055}.Debug|iPhoneSimulator.Build.0 = Debug|iPhoneSimulator
		{638A28CD-0A31-40E1-89C3-6F59F6868055}.Debug|iPhoneSimulator.Deploy.0 = Debug|iPhoneSimulator
		{638A28CD-0A31-40E1-89C3-6F59F6868055}.Debug|x64.ActiveCfg = Debug|iPhone
		{638A28CD-0A31-40E1-89C3-6F59F6868055}.Debug|x64.Build.0 = Debug|iPhone
		{638A28CD-0A31-40E1-89C3-6F59F6868055}.Debug|x64.Deploy.0 = Debug|iPhone
		{638A28CD-0A31-40E1-89C3-6F59F6868055}.Debug|x86.ActiveCfg = Debug|iPhone
		{638A28CD-0A31-40E1-89C3-6F59F6868055}.Debug|x86.Build.0 = Debug|iPhone
		{638A28CD-0A31-40E1-89C3-6F59F6868055}.Debug|x86.Deploy.0 = Debug|iPhone
		{638A28CD-0A31-40E1-89C3-6F59F6868055}.Release|Any CPU.ActiveCfg = Release|iPhone
		{638A28CD-0A31-40E1-89C3-6F59F6868055}.Release|Any CPU.Build.0 = Release|iPhone
		{638A28CD-0A31-40E1-89C3-6F59F6868055}.Release|Any CPU.Deploy.0 = Release|iPhone
		{638A28CD-0A31-40E1-89C3-6F59F6868055}.Release|ARM.ActiveCfg = Release|iPhone
		{638A28CD-0A31-40E1-89C3-6F59F6868055}.Release|ARM.Build.0 = Release|iPhone
		{638A28CD-0A31-40E1-89C3-6F59F6868055}.Release|ARM.Deploy.0 = Release|iPhone
		{638A28CD-0A31-40E1-89C3-6F59F6868055}.Release|iPhone.ActiveCfg = Release|iPhone
		{638A28CD-0A31-40E1-89C3-6F59F6868055}.Release|iPhone.Build.0 = Release|iPhone
		{638A28CD-0A31-40E1-89C3-6F59F6868055}.Release|iPhone.Deploy.0 = Release|iPhone
		{638A28CD-0A31-40E1-89C3-6F59F6868055}.Release|iPhoneSimulator.ActiveCfg = Release|iPhoneSimulator
		{638A28CD-0A31-40E1-89C3-6F59F6868055}.Release|iPhoneSimulator.Build.0 = Release|iPhoneSimulator
		{638A28CD-0A31-40E1-89C3-6F59F6868055}.Release|iPhoneSimulator.Deploy.0 = Release|iPhoneSimulator
		{638A28CD-0A31-40E1-89C3-6F59F6868055}.Release|x64.ActiveCfg = Release|iPhone
		{638A28CD-0A31-40E1-89C3-6F59F6868055}.Release|x64.Build.0 = Release|iPhone
		{638A28CD-0A31-40E1-89C3-6F59F6868055}.Release|x64.Deploy.0 = Release|iPhone
		{638A28CD-0A31-40E1-89C3-6F59F6868055}.Release|x86.ActiveCfg = Release|iPhone
		{638A28CD-0A31-40E1-89C3-6F59F6868055}.Release|x86.Build.0 = Release|iPhone
		{638A28CD-0A31-40E1-89C3-6F59F6868055}.Release|x86.Deploy.0 = Release|iPhone
		{BBA6EF0F-849B-4CE1-99DF-7BA1997EF7C8}.Debug|Any CPU.ActiveCfg = Debug|Any CPU
		{BBA6EF0F-849B-4CE1-99DF-7BA1997EF7C8}.Debug|Any CPU.Build.0 = Debug|Any CPU
		{BBA6EF0F-849B-4CE1-99DF-7BA1997EF7C8}.Debug|Any CPU.Deploy.0 = Debug|Any CPU
		{BBA6EF0F-849B-4CE1-99DF-7BA1997EF7C8}.Debug|ARM.ActiveCfg = Debug|Any CPU
		{BBA6EF0F-849B-4CE1-99DF-7BA1997EF7C8}.Debug|ARM.Build.0 = Debug|Any CPU
		{BBA6EF0F-849B-4CE1-99DF-7BA1997EF7C8}.Debug|ARM.Deploy.0 = Debug|Any CPU
		{BBA6EF0F-849B-4CE1-99DF-7BA1997EF7C8}.Debug|iPhone.ActiveCfg = Debug|Any CPU
		{BBA6EF0F-849B-4CE1-99DF-7BA1997EF7C8}.Debug|iPhone.Build.0 = Debug|Any CPU
		{BBA6EF0F-849B-4CE1-99DF-7BA1997EF7C8}.Debug|iPhone.Deploy.0 = Debug|Any CPU
		{BBA6EF0F-849B-4CE1-99DF-7BA1997EF7C8}.Debug|iPhoneSimulator.ActiveCfg = Debug|Any CPU
		{BBA6EF0F-849B-4CE1-99DF-7BA1997EF7C8}.Debug|iPhoneSimulator.Build.0 = Debug|Any CPU
		{BBA6EF0F-849B-4CE1-99DF-7BA1997EF7C8}.Debug|iPhoneSimulator.Deploy.0 = Debug|Any CPU
		{BBA6EF0F-849B-4CE1-99DF-7BA1997EF7C8}.Debug|x64.ActiveCfg = Debug|Any CPU
		{BBA6EF0F-849B-4CE1-99DF-7BA1997EF7C8}.Debug|x64.Build.0 = Debug|Any CPU
		{BBA6EF0F-849B-4CE1-99DF-7BA1997EF7C8}.Debug|x64.Deploy.0 = Debug|Any CPU
		{BBA6EF0F-849B-4CE1-99DF-7BA1997EF7C8}.Debug|x86.ActiveCfg = Debug|Any CPU
		{BBA6EF0F-849B-4CE1-99DF-7BA1997EF7C8}.Debug|x86.Build.0 = Debug|Any CPU
		{BBA6EF0F-849B-4CE1-99DF-7BA1997EF7C8}.Debug|x86.Deploy.0 = Debug|Any CPU
		{BBA6EF0F-849B-4CE1-99DF-7BA1997EF7C8}.Release|Any CPU.ActiveCfg = Release|Any CPU
		{BBA6EF0F-849B-4CE1-99DF-7BA1997EF7C8}.Release|Any CPU.Build.0 = Release|Any CPU
		{BBA6EF0F-849B-4CE1-99DF-7BA1997EF7C8}.Release|Any CPU.Deploy.0 = Release|Any CPU
		{BBA6EF0F-849B-4CE1-99DF-7BA1997EF7C8}.Release|ARM.ActiveCfg = Release|Any CPU
		{BBA6EF0F-849B-4CE1-99DF-7BA1997EF7C8}.Release|ARM.Build.0 = Release|Any CPU
		{BBA6EF0F-849B-4CE1-99DF-7BA1997EF7C8}.Release|ARM.Deploy.0 = Release|Any CPU
		{BBA6EF0F-849B-4CE1-99DF-7BA1997EF7C8}.Release|iPhone.ActiveCfg = Release|Any CPU
		{BBA6EF0F-849B-4CE1-99DF-7BA1997EF7C8}.Release|iPhone.Build.0 = Release|Any CPU
		{BBA6EF0F-849B-4CE1-99DF-7BA1997EF7C8}.Release|iPhone.Deploy.0 = Release|Any CPU
		{BBA6EF0F-849B-4CE1-99DF-7BA1997EF7C8}.Release|iPhoneSimulator.ActiveCfg = Release|Any CPU
		{BBA6EF0F-849B-4CE1-99DF-7BA1997EF7C8}.Release|iPhoneSimulator.Build.0 = Release|Any CPU
		{BBA6EF0F-849B-4CE1-99DF-7BA1997EF7C8}.Release|iPhoneSimulator.Deploy.0 = Release|Any CPU
		{BBA6EF0F-849B-4CE1-99DF-7BA1997EF7C8}.Release|x64.ActiveCfg = Release|Any CPU
		{BBA6EF0F-849B-4CE1-99DF-7BA1997EF7C8}.Release|x64.Build.0 = Release|Any CPU
		{BBA6EF0F-849B-4CE1-99DF-7BA1997EF7C8}.Release|x64.Deploy.0 = Release|Any CPU
		{BBA6EF0F-849B-4CE1-99DF-7BA1997EF7C8}.Release|x86.ActiveCfg = Release|Any CPU
		{BBA6EF0F-849B-4CE1-99DF-7BA1997EF7C8}.Release|x86.Build.0 = Release|Any CPU
		{BBA6EF0F-849B-4CE1-99DF-7BA1997EF7C8}.Release|x86.Deploy.0 = Release|Any CPU
	EndGlobalSection
	GlobalSection(SolutionProperties) = preSolution
		HideSolutionNode = FALSE
	EndGlobalSection
	GlobalSection(ExtensibilityGlobals) = postSolution
		SolutionGuid = {040FAB19-9B23-40B7-95D3-141836A0CF4B}
	EndGlobalSection
EndGlobal
